{
  "pins" : [
    {
      "identity" : "lottie-ios",
      "kind" : "remoteSourceControl",
      "location" : "https://github.com/airbnb/lottie-ios.git",
      "state" : {
        "revision" : "4a6058cbbdfe4f74aeae92c8bd51ad3b0de2a1ee",
        "version" : "3.3.0"
      }
    },
    {
      "identity" : "sdwebimage",
      "kind" : "remoteSourceControl",
      "location" : "https://github.com/SDWebImage/SDWebImage.git",
      "state" : {
        "revision" : "b729cc14f65e1412efc781a4cc46bd7f4720a3ae",
        "version" : "5.12.6"
      }
    },
    {
      "identity" : "sdwebimageswiftui",
      "kind" : "remoteSourceControl",
      "location" : "https://github.com/SDWebImage/SDWebImageSwiftUI.git",
      "state" : {
        "revision" : "cd8625b7cf11a97698e180d28bb7d5d357196678",
        "version" : "2.0.2"
      }
    },
    {
      "identity" : "swiftuix",
      "kind" : "remoteSourceControl",
      "location" : "https://github.com/SwiftUIX/SwiftUIX",
      "state" : {
        "revision" : "889c781539cdd1e6a1111472c711082522aa35c6",
        "version" : "0.1.2"
      }
    }
  ],
  "version" : 2
}
